lockfileVersion: '9.0'

settings:
  autoInstallPeers: true
  excludeLinksFromLockfile: false

importers:

  .:
    devDependencies:
      '@biomejs/biome':
        specifier: ^2.5.7
        version: 2.5.9
      '@types/node':
        specifier: ^22.15.0
        version: 22.20.1
      typescript:
        specifier: ^5.8.3
        version: 5.9.3

  frontends/prometheus:
    dependencies:
      '@doki-land/prometheus-plugin':
        specifier: workspace:*
        version: link:../prometheus-plugin
      '@doki-land/prometheus-plugin-generic-http':
        specifier: workspace:*
        version: link:../prometheus-plugin-generic-http
      '@doki-land/prometheus-plugin-local-file':
        specifier: workspace:*
        version: link:../prometheus-plugin-local-file
      commander:
        specifier: ^13.1.0
        version: 13.1.0
    devDependencies:
      '@types/node':
        specifier: ^22.15.0
        version: 22.20.1
      typescript:
        specifier: ^5.8.3
        version: 5.9.3
    optionalDependencies:
      '@doki-land/prometheus-darwin-arm64':
        specifier: workspace:*
        version: link:../prometheus-darwin-arm64
      '@doki-land/prometheus-darwin-x64':
        specifier: workspace:*
        version: link:../prometheus-darwin-x64
      '@doki-land/prometheus-linux-arm64':
        specifier: workspace:*
        version: link:../prometheus-linux-arm64
      '@doki-land/prometheus-linux-x64':
        specifier: workspace:*
        version: link:../prometheus-linux-x64
      '@doki-land/prometheus-win32-arm64':
        specifier: workspace:*
        version: link:../prometheus-win32-arm64
      '@doki-land/prometheus-win32-x64':
        specifier: workspace:*
        version: link:../prometheus-win32-x64

  frontends/prometheus-darwin-arm64: {}

  frontends/prometheus-darwin-x64: {}

  frontends/prometheus-harness:
    dependencies:
      '@doki-land/prometheus-plugin':
        specifier: workspace:*
        version: link:../prometheus-plugin
      '@doki-land/prometheus-torch':
        specifier: workspace:*
        version: link:../prometheus-torch
      commander:
        specifier: ^13.1.0
        version: 13.1.0
    devDependencies:
      '@types/node':
        specifier: ^22.15.0
        version: 22.20.1
      typescript:
        specifier: ^5.8.3
        version: 5.9.3

  frontends/prometheus-linux-arm64: {}

  frontends/prometheus-linux-x64: {}

  frontends/prometheus-plugin:
    devDependencies:
      '@types/node':
        specifier: ^22.15.0
        version: 22.20.1
      typescript:
        specifier: ^5.8.3
        version: 5.9.3

  frontends/prometheus-plugin-generic-http:
    devDependencies:
      '@doki-land/prometheus-plugin':
        specifier: workspace:*
        version: link:../prometheus-plugin
      '@types/node':
        specifier: ^22.15.0
        version: 22.20.1
      typescript:
        specifier: ^5.8.3
        version: 5.9.3

  frontends/prometheus-plugin-local-file:
    devDependencies:
      '@doki-land/prometheus-plugin':
        specifier: workspace:*
        version: link:../prometheus-plugin
      '@types/node':
        specifier: ^22.15.0
        version: 22.20.1
      typescript:
        specifier: ^5.8.3
        version: 5.9.3

  frontends/prometheus-skills: {}

  frontends/prometheus-torch:
    devDependencies:
      '@types/node':
        specifier: ^22.15.0
        version: 22.20.1
      typescript:
        specifier: ^5.8.3
        version: 5.9.3

  frontends/prometheus-win32-arm64: {}

  frontends/prometheus-win32-x64: {}

packages:

  '@biomejs/biome@2.5.9':
    resolution: {integrity: sha512-KkgCvdHB4IhtpHpF564plA9jo6fDOwWGQ/3jvreLzgOtRLEDoPqr7QO9qejNA8jKwDsSkAKr77hqBHnyUbIw4g==}
    engines: {node: '>=14.21.3'}
    hasBin: true

  '@biomejs/cli-darwin-arm64@2.5.9':
    resolution: {integrity: sha512-am22pX2aBqznqq1eMyIj/bZ++riF3Lk6ct7cbv+gQK0csFhr+d8O0RkOi2FF2qSgFgANbqNkIZ0/PxlnW2pLFg==}
    engines: {node: '>=14.21.3'}
    cpu: [arm64]
    os: [darwin]

  '@biomejs/cli-darwin-x64@2.5.9':
    resolution: {integrity: sha512-l44KWDHLDvEnD0N/XcrVs7VXb3A18xL7QS3WB0eL93wbmk529ffIG55vleGCqaunpRUjLrdnjK05Qki1dsjylg==}
    engines: {node: '>=14.21.3'}
    cpu: [x64]
    os: [darwin]

  '@biomejs/cli-linux-arm64-musl@2.5.9':
    resolution: {integrity: sha512-7ImVPwBLCtkmpR5esd8RHhTqW94f0JLJQum6AneYcy94jRm18TaPPm7slaigGzFhfgt3QiD1Vj52LKmBAnKizA==}
    engines: {node: '>=14.21.3'}
    cpu: [arm64]
    os: [linux]

  '@biomejs/cli-linux-arm64@2.5.9':
    resolution: {integrity: sha512-ICaK+IYaVZvKbBxX2rwrPT0DdUDMnE9Vm3nQGe+mltQPmUg19pONzkPWGdY4FCsoreDETWDynvdt4ysCbF5gNQ==}
    engines: {node: '>=14.21.3'}
    cpu: [arm64]
    os: [linux]

  '@biomejs/cli-linux-x64-musl@2.5.9':
    resolution: {integrity: sha512-RXGaD0o1/pTTguYw1aeDJh9ad6Lfrui0fI7mBderTyGr7WuUJkBIttgLkR3XJyoxOkkgfBDspaUT8wXArTqLZw==}
    engines: {node: '>=14.21.3'}
    cpu: [x64]
    os: [linux]

  '@biomejs/cli-linux-x64@2.5.9':
    resolution: {integrity: sha512-z22Q/zFYSvbIJfW1CbfZPu4X8PddS6Qd2ORbc6h+aT6EcwAxUF3m6fA4HjNvA3TU4X0dTJRwNPB165ES3PJXzg==}
    engines: {node: '>=14.21.3'}
    cpu: [x64]
    os: [linux]

  '@biomejs/cli-win32-arm64@2.5.9':
    resolution: {integrity: sha512-nHK+/HHC+D0ogAHUxomgoSTdjImb6fmNNVTKmf0tyu4eDL1DqPKIHc+i+UL8+b0RnAu8224qo8F2tCVnaT0A3w==}
    engines: {node: '>=14.21.3'}
    cpu: [arm64]
    os: [win32]

  '@biomejs/cli-win32-x64@2.5.9':
    resolution: {integrity: sha512-Yiq0H56LjXSSw/hd9YkXgSLQfzyDJzbzU2TezozxyNw+uKWAqOtqGVvBfzKRRDiaFF5avGAhHdWKx7LtDOShUw==}
    engines: {node: '>=14.21.3'}
    cpu: [x64]
    os: [win32]

  '@types/node@22.20.1':
    resolution: {integrity: sha512-EANqOCF9QFyra+4pfxUcX9STKJpCLjMbObVzljIJomAWSnuSIEAvyzEU53GaajbXJEgdh0iEcPL+DGvpUd4k1Q==}

  commander@13.1.0:
    resolution: {integrity: sha512-/rFeCpNJQbhSZjGVwO9RFV3xPqbnERS8MmIQzCtD/zl6gpJuV/bMLuN92oG3F7d8oDEHHRrujSXNUr8fpjntKw==}
    engines: {node: '>=18'}

  typescript@5.9.3:
    resolution: {integrity: sha512-jl1vZzPDinLr9eUt3J/t7V6FgNEw9QjvBPdysz9KfQDD41fQrC2Y4vKQdiaUpFT4bXlb1RHhLpp8wtm6M5TgSw==}
    engines: {node: '>=14.17'}
    hasBin: true

  undici-types@6.21.0:
    resolution: {integrity: sha512-iwDZqg0QAGrg9Rav5H4n0M64c3mkR59cJ6wQp+7C4nI0gsmExaedaYLNO44eT4AtBBwjbTiGPMlt2Md0T9H9JQ==}

snapshots:

  '@biomejs/biome@2.5.9':
    optionalDependencies:
      '@biomejs/cli-darwin-arm64': 2.5.9
      '@biomejs/cli-darwin-x64': 2.5.9
      '@biomejs/cli-linux-arm64': 2.5.9
      '@biomejs/cli-linux-arm64-musl': 2.5.9
      '@biomejs/cli-linux-x64': 2.5.9
      '@biomejs/cli-linux-x64-musl': 2.5.9
      '@biomejs/cli-win32-arm64': 2.5.9
      '@biomejs/cli-win32-x64': 2.5.9

  '@biomejs/cli-darwin-arm64@2.5.9':
    optional: true

  '@biomejs/cli-darwin-x64@2.5.9':
    optional: true

  '@biomejs/cli-linux-arm64-musl@2.5.9':
    optional: true

  '@biomejs/cli-linux-arm64@2.5.9':
    optional: true

  '@biomejs/cli-linux-x64-musl@2.5.9':
    optional: true

  '@biomejs/cli-linux-x64@2.5.9':
    optional: true

  '@biomejs/cli-win32-arm64@2.5.9':
    optional: true

  '@biomejs/cli-win32-x64@2.5.9':
    optional: true

  '@types/node@22.20.1':
    dependencies:
      undici-types: 6.21.0

  commander@13.1.0: {}

  typescript@5.9.3: {}

  undici-types@6.21.0: {}
